PODS:
  - FBSnapshotTestCase (2.1.4):
    - FBSnapshotTestCase/SwiftSupport (= 2.1.4)
  - FBSnapshotTestCase/Core (2.1.4)
  - FBSnapshotTestCase/SwiftSupport (2.1.4):
    - FBSnapshotTestCase/Core
  - Masonry (1.1.0)
  - SnapKit (5.7.1)
  - Then (3.0.0)
  - ZLStackView (0.1.1):
    - ZLStackView/Layout (= 0.1.1)
    - ZLStackView/StackView (= 0.1.1)
    - ZLStackView/Swift (= 0.1.1)
    - ZLStackView/UIKit (= 0.1.1)
  - ZLStackView/Layout (0.1.1)
  - ZLStackView/StackView (0.1.1):
    - ZLStackView/Layout
  - ZLStackView/Swift (0.1.1):
    - ZLStackView/UIKit
  - ZLStackView/UIKit (0.1.1):
    - ZLStackView/StackView

DEPENDENCIES:
  - FBSnapshotTestCase
  - Masonry
  - SnapKit
  - Then
  - ZLStackView (from `../`)

SPEC REPOS:
  https://github.com/CocoaPods/Specs.git:
    - SnapKit
    - Then
  trunk:
    - FBSnapshotTestCase
    - Masonry

EXTERNAL SOURCES:
  ZLStackView:
    :path: "../"

SPEC CHECKSUMS:
  FBSnapshotTestCase: 094f9f314decbabe373b87cc339bea235a63e07a
  Masonry: 678fab65091a9290e40e2832a55e7ab731aad201
  SnapKit: d612e99e678a2d3b95bf60b0705ed0a35c03484a
  Then: 844265ae87834bbe1147d91d5d41a404da2ec27d
  ZLStackView: dfd5f4ef65ae04a915180ee8bf6b47d3b269c98d

PODFILE CHECKSUM: c4996805cb0fb4a09746ddb4f792635e4c2343c8

COCOAPODS: 1.16.2
